
Microsoft Visual Studio Solution File, Format Version 12.00
# Visual Studio Version 17
VisualStudioVersion = 17.7.34003.232
MinimumVisualStudioVersion = 10.0.40219.1
Project("{FAE04EC0-301F-11D3-BF4B-00C04F79EFBC}") = "HttpCRUD", "HttpCRUD.csproj", "{1DFB368E-2622-4DF6-BE94-BFDBA41DA76F}"
EndProject
Global
	GlobalSection(SolutionConfigurationPlatforms) = preSolution
		Debug|Any CPU = Debug|Any CPU
		Release|Any CPU = Release|Any CPU
	EndGlobalSection
	GlobalSection(ProjectConfigurationPlatforms) = postSolution
		{1DFB368E-2622-4DF6-BE94-BFDBA41DA76F}.Debug|Any CPU.ActiveCfg = Debug|Any CPU
		{1DFB368E-2622-4DF6-BE94-BFDBA41DA76F}.Debug|Any CPU.Build.0 = Debug|Any CPU
		{1DFB368E-2622-4DF6-BE94-BFDBA41DA76F}.Release|Any CPU.ActiveCfg = Release|Any CPU
		{1DFB368E-2622-4DF6-BE94-BFDBA41DA76F}.Release|Any CPU.Build.0 = Release|Any CPU
	EndGlobalSection
	GlobalSection(SolutionProperties) = preSolution
		HideSolutionNode = FALSE
	EndGlobalSection
	GlobalSection(ExtensibilityGlobals) = postSolution
		SolutionGuid = {705420CB-BBAB-4D3C-884D-C108FCA6586D}
	EndGlobalSection
EndGlobal
